
Microsoft Visual Studio Solution File, Format Version 12.00
# Visual Studio Version 17
VisualStudioVersion = 17.1.32414.318
MinimumVisualStudioVersion = 10.0.40219.1
Project("{FAE04EC0-301F-11D3-BF4B-00C04F79EFBC}") = "Form Ders 2", "Form Ders 2\Form Ders 2.csproj", "{2D0591AB-4C98-456E-88F2-81EE4C5C232B}"
EndProject
Global
	GlobalSection(SolutionConfigurationPlatforms) = preSolution
		Debug|Any CPU = Debug|Any CPU
		Release|Any CPU = Release|Any CPU
	EndGlobalSection
	GlobalSection(ProjectConfigurationPlatforms) = postSolution
		{2D0591AB-4C98-456E-88F2-81EE4C5C232B}.Debug|Any CPU.ActiveCfg = Debug|Any CPU
		{2D0591AB-4C98-456E-88F2-81EE4C5C232B}.Debug|Any CPU.Build.0 = Debug|Any CPU
		{2D0591AB-4C98-456E-88F2-81EE4C5C232B}.Release|Any CPU.ActiveCfg = Release|Any CPU
		{2D0591AB-4C98-456E-88F2-81EE4C5C232B}.Release|Any CPU.Build.0 = Release|Any CPU
	EndGlobalSection
	GlobalSection(SolutionProperties) = preSolution
		HideSolutionNode = FALSE
	EndGlobalSection
	GlobalSection(ExtensibilityGlobals) = postSolution
		SolutionGuid = {2BB4979B-BBED-4418-84C6-26BF6F7E701C}
	EndGlobalSection
EndGlobal
