
Microsoft Visual Studio Solution File, Format Version 12.00
# Visual Studio Version 17
VisualStudioVersion = 17.1.32414.318
MinimumVisualStudioVersion = 10.0.40219.1
Project("{FAE04EC0-301F-11D3-BF4B-00C04F79EFBC}") = "form ders 1", "form ders 1\form ders 1.csproj", "{84462801-958D-4399-8F24-71696AD016A1}"
EndProject
Global
	GlobalSection(SolutionConfigurationPlatforms) = preSolution
		Debug|Any CPU = Debug|Any CPU
		Release|Any CPU = Release|Any CPU
	EndGlobalSection
	GlobalSection(ProjectConfigurationPlatforms) = postSolution
		{84462801-958D-4399-8F24-71696AD016A1}.Debug|Any CPU.ActiveCfg = Debug|Any CPU
		{84462801-958D-4399-8F24-71696AD016A1}.Debug|Any CPU.Build.0 = Debug|Any CPU
		{84462801-958D-4399-8F24-71696AD016A1}.Release|Any CPU.ActiveCfg = Release|Any CPU
		{84462801-958D-4399-8F24-71696AD016A1}.Release|Any CPU.Build.0 = Release|Any CPU
	EndGlobalSection
	GlobalSection(SolutionProperties) = preSolution
		HideSolutionNode = FALSE
	EndGlobalSection
	GlobalSection(ExtensibilityGlobals) = postSolution
		SolutionGuid = {15C0B621-92D7-4786-BBFA-B15CC6488373}
	EndGlobalSection
EndGlobal
